
Microsoft Visual Studio Solution File, Format Version 12.00
# Visual Studio 15
VisualStudioVersion = 15.0.28307.329
MinimumVisualStudioVersion = 10.0.40219.1
Project("{FAE04EC0-301F-11D3-BF4B-00C04F79EFBC}") = "SalesProject", "SalesProject\SalesProject.csproj", "{ED70806F-4F8C-414F-BFA8-120C1EFD6B66}"
EndProject
Global
	GlobalSection(SolutionConfigurationPlatforms) = preSolution
		Debug|Any CPU = Debug|Any CPU
		Release|Any CPU = Release|Any CPU
	EndGlobalSection
	GlobalSection(ProjectConfigurationPlatforms) = postSolution
		{ED70806F-4F8C-414F-BFA8-120C1EFD6B66}.Debug|Any CPU.ActiveCfg = Debug|Any CPU
		{ED70806F-4F8C-414F-BFA8-120C1EFD6B66}.Debug|Any CPU.Build.0 = Debug|Any CPU
		{ED70806F-4F8C-414F-BFA8-120C1EFD6B66}.Release|Any CPU.ActiveCfg = Release|Any CPU
		{ED70806F-4F8C-414F-BFA8-120C1EFD6B66}.Release|Any CPU.Build.0 = Release|Any CPU
	EndGlobalSection
	GlobalSection(SolutionProperties) = preSolution
		HideSolutionNode = FALSE
	EndGlobalSection
	GlobalSection(ExtensibilityGlobals) = postSolution
		SolutionGuid = {A302DADE-9150-4EC5-BB96-CBC4DF1623C3}
	EndGlobalSection
EndGlobal
